
Microsoft Visual Studio Solution File, Format Version 12.00
# Visual Studio Version 17
VisualStudioVersion = 17.11.35312.102
MinimumVisualStudioVersion = 10.0.40219.1
Project("{9A19103F-16F7-4668-BE54-9A1E7A4F7556}") = "DynamicBlazorComponentLoader", "DynamicBlazorComponentLoader\DynamicBlazorComponentLoader.csproj", "{33F78952-42CE-4A71-8D17-229B219EF14A}"
EndProject
Project("{FAE04EC0-301F-11D3-BF4B-00C04F79EFBC}") = "TestRCL", "TestRCL\TestRCL.csproj", "{FA8E037F-1FA2-4A91-BF24-CE547648418D}"
EndProject
Project("{FAE04EC0-301F-11D3-BF4B-00C04F79EFBC}") = "DynamicBlazorComponentLoader.Tests", "DynamicBlazorComponentLoader.Tests\DynamicBlazorComponentLoader.Tests.csproj", "{004F3DAF-2E49-4B35-B920-CA3543CF847F}"
EndProject
Global
	GlobalSection(SolutionConfigurationPlatforms) = preSolution
		Debug|Any CPU = Debug|Any CPU
		Debug|x64 = Debug|x64
		Debug|x86 = Debug|x86
		Release|Any CPU = Release|Any CPU
		Release|x64 = Release|x64
		Release|x86 = Release|x86
	EndGlobalSection
	GlobalSection(ProjectConfigurationPlatforms) = postSolution
		{33F78952-42CE-4A71-8D17-229B219EF14A}.Debug|Any CPU.ActiveCfg = Debug|Any CPU
		{33F78952-42CE-4A71-8D17-229B219EF14A}.Debug|Any CPU.Build.0 = Debug|Any CPU
		{33F78952-42CE-4A71-8D17-229B219EF14A}.Debug|x64.ActiveCfg = Debug|Any CPU
		{33F78952-42CE-4A71-8D17-229B219EF14A}.Debug|x64.Build.0 = Debug|Any CPU
		{33F78952-42CE-4A71-8D17-229B219EF14A}.Debug|x86.ActiveCfg = Debug|Any CPU
		{33F78952-42CE-4A71-8D17-229B219EF14A}.Debug|x86.Build.0 = Debug|Any CPU
		{33F78952-42CE-4A71-8D17-229B219EF14A}.Release|Any CPU.ActiveCfg = Release|Any CPU
		{33F78952-42CE-4A71-8D17-229B219EF14A}.Release|Any CPU.Build.0 = Release|Any CPU
		{33F78952-42CE-4A71-8D17-229B219EF14A}.Release|x64.ActiveCfg = Release|Any CPU
		{33F78952-42CE-4A71-8D17-229B219EF14A}.Release|x64.Build.0 = Release|Any CPU
		{33F78952-42CE-4A71-8D17-229B219EF14A}.Release|x86.ActiveCfg = Release|Any CPU
		{33F78952-42CE-4A71-8D17-229B219EF14A}.Release|x86.Build.0 = Release|Any CPU
		{FA8E037F-1FA2-4A91-BF24-CE547648418D}.Debug|Any CPU.ActiveCfg = Debug|Any CPU
		{FA8E037F-1FA2-4A91-BF24-CE547648418D}.Debug|Any CPU.Build.0 = Debug|Any CPU
		{FA8E037F-1FA2-4A91-BF24-CE547648418D}.Debug|x64.ActiveCfg = Debug|Any CPU
		{FA8E037F-1FA2-4A91-BF24-CE547648418D}.Debug|x64.Build.0 = Debug|Any CPU
		{FA8E037F-1FA2-4A91-BF24-CE547648418D}.Debug|x86.ActiveCfg = Debug|Any CPU
		{FA8E037F-1FA2-4A91-BF24-CE547648418D}.Debug|x86.Build.0 = Debug|Any CPU
		{FA8E037F-1FA2-4A91-BF24-CE547648418D}.Release|Any CPU.ActiveCfg = Release|Any CPU
		{FA8E037F-1FA2-4A91-BF24-CE547648418D}.Release|Any CPU.Build.0 = Release|Any CPU
		{FA8E037F-1FA2-4A91-BF24-CE547648418D}.Release|x64.ActiveCfg = Release|Any CPU
		{FA8E037F-1FA2-4A91-BF24-CE547648418D}.Release|x64.Build.0 = Release|Any CPU
		{FA8E037F-1FA2-4A91-BF24-CE547648418D}.Release|x86.ActiveCfg = Release|Any CPU
		{FA8E037F-1FA2-4A91-BF24-CE547648418D}.Release|x86.Build.0 = Release|Any CPU
		{004F3DAF-2E49-4B35-B920-CA3543CF847F}.Debug|Any CPU.ActiveCfg = Debug|Any CPU
		{004F3DAF-2E49-4B35-B920-CA3543CF847F}.Debug|Any CPU.Build.0 = Debug|Any CPU
		{004F3DAF-2E49-4B35-B920-CA3543CF847F}.Debug|x64.ActiveCfg = Debug|Any CPU
		{004F3DAF-2E49-4B35-B920-CA3543CF847F}.Debug|x64.Build.0 = Debug|Any CPU
		{004F3DAF-2E49-4B35-B920-CA3543CF847F}.Debug|x86.ActiveCfg = Debug|Any CPU
		{004F3DAF-2E49-4B35-B920-CA3543CF847F}.Debug|x86.Build.0 = Debug|Any CPU
		{004F3DAF-2E49-4B35-B920-CA3543CF847F}.Release|Any CPU.ActiveCfg = Release|Any CPU
		{004F3DAF-2E49-4B35-B920-CA3543CF847F}.Release|Any CPU.Build.0 = Release|Any CPU
		{004F3DAF-2E49-4B35-B920-CA3543CF847F}.Release|x64.ActiveCfg = Release|Any CPU
		{004F3DAF-2E49-4B35-B920-CA3543CF847F}.Release|x64.Build.0 = Release|Any CPU
		{004F3DAF-2E49-4B35-B920-CA3543CF847F}.Release|x86.ActiveCfg = Release|Any CPU
		{004F3DAF-2E49-4B35-B920-CA3543CF847F}.Release|x86.Build.0 = Release|Any CPU
	EndGlobalSection
	GlobalSection(SolutionProperties) = preSolution
		HideSolutionNode = FALSE
	EndGlobalSection
	GlobalSection(ExtensibilityGlobals) = postSolution
		SolutionGuid = {575B9B7D-4A3E-41A8-A565-43F495CFA906}
	EndGlobalSection
EndGlobal
