
Microsoft Visual Studio Solution File, Format Version 12.00
# Visual Studio Version 17
VisualStudioVersion = 17.11.35312.102
MinimumVisualStudioVersion = 10.0.40219.1
Project("{9A19103F-16F7-4668-BE54-9A1E7A4F7556}") = "DynamicBlazorComponentLoader", "DynamicBlazorComponentLoader\DynamicBlazorComponentLoader.csproj", "{33F78952-42CE-4A71-8D17-229B219EF14A}"
EndProject
Global
	GlobalSection(SolutionConfigurationPlatforms) = preSolution
		Debug|Any CPU = Debug|Any CPU
		Release|Any CPU = Release|Any CPU
	EndGlobalSection
	GlobalSection(ProjectConfigurationPlatforms) = postSolution
		{33F78952-42CE-4A71-8D17-229B219EF14A}.Debug|Any CPU.ActiveCfg = Debug|Any CPU
		{33F78952-42CE-4A71-8D17-229B219EF14A}.Debug|Any CPU.Build.0 = Debug|Any CPU
		{33F78952-42CE-4A71-8D17-229B219EF14A}.Release|Any CPU.ActiveCfg = Release|Any CPU
		{33F78952-42CE-4A71-8D17-229B219EF14A}.Release|Any CPU.Build.0 = Release|Any CPU
	EndGlobalSection
	GlobalSection(SolutionProperties) = preSolution
		HideSolutionNode = FALSE
	EndGlobalSection
	GlobalSection(ExtensibilityGlobals) = postSolution
		SolutionGuid = {575B9B7D-4A3E-41A8-A565-43F495CFA906}
	EndGlobalSection
EndGlobal
